// !$*UTF8*$!
{
	archiveVersion = 1;
	classes = {
	};
	objectVersion = 46;
	objects = {

/* Begin PBXBuildFile section */
		2A1C57F01911859B007013D2 /* Foundation.framework in Frameworks */ = {isa = PBXBuildFile; fileRef = 2A1C57EF1911859B007013D2 /* Foundation.framework */; };
		2A1C57F21911859B007013D2 /* CoreGraphics.framework in Frameworks */ = {isa = PBXBuildFile; fileRef = 2A1C57F11911859B007013D2 /* CoreGraphics.framework */; };
		2A1C57F41911859B007013D2 /* UIKit.framework in Frameworks */ = {isa = PBXBuildFile; fileRef = 2A1C57F31911859B007013D2 /* UIKit.framework */; };
		E5B61E261A19B191001E5036 /* StackViewController.m in Sources */ = {isa = PBXBuildFile; fileRef = E5B61E251A19B191001E5036 /* StackViewController.m */; };
		E5B61E2B1A19B1E7001E5036 /* CanvasViewController.m in Sources */ = {isa = PBXBuildFile; fileRef = E5B61E271A19B1E7001E5036 /* CanvasViewController.m */; };
		E5B61E2C1A19B1E7001E5036 /* NewStackViewController.m in Sources */ = {isa = PBXBuildFile; fileRef = E5B61E281A19B1E7001E5036 /* NewStackViewController.m */; };
		E5B61E321A19B22D001E5036 /* main.m in Sources */ = {isa = PBXBuildFile; fileRef = E5B61E2D1A19B22D001E5036 /* main.m */; };
		E5B61E341A19B22D001E5036 /* InfoPlist.strings in Resources */ = {isa = PBXBuildFile; fileRef = E5B61E2F1A19B22D001E5036 /* InfoPlist.strings */; };
		E5B61E361A19B244001E5036 /* Images.xcassets in Resources */ = {isa = PBXBuildFile; fileRef = E5B61E351A19B244001E5036 /* Images.xcassets */; };
		E5B61E3B1A19B301001E5036 /* RAAppDelegate.m in Sources */ = {isa = PBXBuildFile; fileRef = E5B61E3A1A19B301001E5036 /* RAAppDelegate.m */; };
		E5B61E411A19BC7D001E5036 /* UIColor+PerceivedLuminance.m in Sources */ = {isa = PBXBuildFile; fileRef = E5B61E401A19BC7D001E5036 /* UIColor+PerceivedLuminance.m */; };
/* End PBXBuildFile section */

/* Begin PBXFileReference section */
		2A1C57EC1911859B007013D2 /* StackViewController-Demo.app */ = {isa = PBXFileReference; explicitFileType = wrapper.application; includeInIndex = 0; path = "StackViewController-Demo.app"; sourceTree = BUILT_PRODUCTS_DIR; };
		2A1C57EF1911859B007013D2 /* Foundation.framework */ = {isa = PBXFileReference; lastKnownFileType = wrapper.framework; name = Foundation.framework; path = System/Library/Frameworks/Foundation.framework; sourceTree = SDKROOT; };
		2A1C57F11911859B007013D2 /* CoreGraphics.framework */ = {isa = PBXFileReference; lastKnownFileType = wrapper.framework; name = CoreGraphics.framework; path = System/Library/Frameworks/CoreGraphics.framework; sourceTree = SDKROOT; };
		2A1C57F31911859B007013D2 /* UIKit.framework */ = {isa = PBXFileReference; lastKnownFileType = wrapper.framework; name = UIKit.framework; path = System/Library/Frameworks/UIKit.framework; sourceTree = SDKROOT; };
		E5B61E241A19B191001E5036 /* StackViewController.h */ = {isa = PBXFileReference; fileEncoding = 4; lastKnownFileType = sourcecode.c.h; lineEnding = 0; name = StackViewController.h; path = "StackViewController-Demo/StackViewController/StackViewController.h"; sourceTree = SOURCE_ROOT; xcLanguageSpecificationIdentifier = xcode.lang.objcpp; };
		E5B61E251A19B191001E5036 /* StackViewController.m */ = {isa = PBXFileReference; fileEncoding = 4; lastKnownFileType = sourcecode.c.objc; lineEnding = 0; name = StackViewController.m; path = "StackViewController-Demo/StackViewController/StackViewController.m"; sourceTree = SOURCE_ROOT; xcLanguageSpecificationIdentifier = xcode.lang.objc; };
		E5B61E271A19B1E7001E5036 /* CanvasViewController.m */ = {isa = PBXFileReference; fileEncoding = 4; lastKnownFileType = sourcecode.c.objc; lineEnding = 0; name = CanvasViewController.m; path = "StackViewController-Demo/CanvasViewController.m"; sourceTree = SOURCE_ROOT; xcLanguageSpecificationIdentifier = xcode.lang.objc; };
		E5B61E281A19B1E7001E5036 /* NewStackViewController.m */ = {isa = PBXFileReference; fileEncoding = 4; lastKnownFileType = sourcecode.c.objc; lineEnding = 0; name = NewStackViewController.m; path = "StackViewController-Demo/NewStackViewController.m"; sourceTree = SOURCE_ROOT; xcLanguageSpecificationIdentifier = xcode.lang.objc; };
		E5B61E291A19B1E7001E5036 /* NewStackViewController.h */ = {isa = PBXFileReference; fileEncoding = 4; lastKnownFileType = sourcecode.c.h; name = NewStackViewController.h; path = "StackViewController-Demo/NewStackViewController.h"; sourceTree = SOURCE_ROOT; };
		E5B61E2A1A19B1E7001E5036 /* CanvasViewController.h */ = {isa = PBXFileReference; fileEncoding = 4; lastKnownFileType = sourcecode.c.h; name = CanvasViewController.h; path = "StackViewController-Demo/CanvasViewController.h"; sourceTree = SOURCE_ROOT; };
		E5B61E2D1A19B22D001E5036 /* main.m */ = {isa = PBXFileReference; fileEncoding = 4; lastKnownFileType = sourcecode.c.objc; name = main.m; path = "StackViewController-Demo/main.m"; sourceTree = SOURCE_ROOT; };
		E5B61E2E1A19B22D001E5036 /* StackViewController-Demo-Info.plist */ = {isa = PBXFileReference; fileEncoding = 4; lastKnownFileType = text.plist.xml; name = "StackViewController-Demo-Info.plist"; path = "StackViewController-Demo/StackViewController-Demo-Info.plist"; sourceTree = SOURCE_ROOT; };
		E5B61E301A19B22D001E5036 /* en */ = {isa = PBXFileReference; lastKnownFileType = text.plist.strings; name = en; path = "StackViewController-Demo/en.lproj/InfoPlist.strings"; sourceTree = SOURCE_ROOT; };
		E5B61E311A19B22D001E5036 /* StackViewController-Demo-Prefix.pch */ = {isa = PBXFileReference; fileEncoding = 4; lastKnownFileType = sourcecode.c.h; name = "StackViewController-Demo-Prefix.pch"; path = "StackViewController-Demo/StackViewController-Demo-Prefix.pch"; sourceTree = SOURCE_ROOT; };
		E5B61E351A19B244001E5036 /* Images.xcassets */ = {isa = PBXFileReference; lastKnownFileType = folder.assetcatalog; name = Images.xcassets; path = "StackViewController-Demo/Images.xcassets"; sourceTree = SOURCE_ROOT; };
		E5B61E391A19B301001E5036 /* RAAppDelegate.h */ = {isa = PBXFileReference; fileEncoding = 4; lastKnownFileType = sourcecode.c.h; name = RAAppDelegate.h; path = "StackViewController-Demo/RAAppDelegate.h"; sourceTree = SOURCE_ROOT; };
		E5B61E3A1A19B301001E5036 /* RAAppDelegate.m */ = {isa = PBXFileReference; fileEncoding = 4; lastKnownFileType = sourcecode.c.objc; name = RAAppDelegate.m; path = "StackViewController-Demo/RAAppDelegate.m"; sourceTree = SOURCE_ROOT; };
		E5B61E3E1A19BC7D001E5036 /* JREnum.h */ = {isa = PBXFileReference; fileEncoding = 4; lastKnownFileType = sourcecode.c.h; path = JREnum.h; sourceTree = "<group>"; };
		E5B61E3F1A19BC7D001E5036 /* UIColor+PerceivedLuminance.h */ = {isa = PBXFileReference; fileEncoding = 4; lastKnownFileType = sourcecode.c.h; path = "UIColor+PerceivedLuminance.h"; sourceTree = "<group>"; };
		E5B61E401A19BC7D001E5036 /* UIColor+PerceivedLuminance.m */ = {isa = PBXFileReference; fileEncoding = 4; lastKnownFileType = sourcecode.c.objc; path = "UIColor+PerceivedLuminance.m"; sourceTree = "<group>"; };
/* End PBXFileReference section */

/* Begin PBXFrameworksBuildPhase section */
		2A1C57E91911859B007013D2 /* Frameworks */ = {
			isa = PBXFrameworksBuildPhase;
			buildActionMask = 2147483647;
			files = (
				2A1C57F21911859B007013D2 /* CoreGraphics.framework in Frameworks */,
				2A1C57F41911859B007013D2 /* UIKit.framework in Frameworks */,
				2A1C57F01911859B007013D2 /* Foundation.framework in Frameworks */,
			);
			runOnlyForDeploymentPostprocessing = 0;
		};
/* End PBXFrameworksBuildPhase section */

/* Begin PBXGroup section */
		2A1C57E31911859B007013D2 = {
			isa = PBXGroup;
			children = (
				2A1C5824191185AF007013D2 /* StackViewController */,
				2A1C57F51911859B007013D2 /* StackViewController-Demo */,
				2A1C57EE1911859B007013D2 /* Frameworks */,
				2A1C57ED1911859B007013D2 /* Products */,
			);
			sourceTree = "<group>";
		};
		2A1C57ED1911859B007013D2 /* Products */ = {
			isa = PBXGroup;
			children = (
				2A1C57EC1911859B007013D2 /* StackViewController-Demo.app */,
			);
			name = Products;
			sourceTree = "<group>";
		};
		2A1C57EE1911859B007013D2 /* Frameworks */ = {
			isa = PBXGroup;
			children = (
				2A1C57EF1911859B007013D2 /* Foundation.framework */,
				2A1C57F11911859B007013D2 /* CoreGraphics.framework */,
				2A1C57F31911859B007013D2 /* UIKit.framework */,
			);
			name = Frameworks;
			sourceTree = "<group>";
		};
		2A1C57F51911859B007013D2 /* StackViewController-Demo */ = {
			isa = PBXGroup;
			children = (
				E5B61E391A19B301001E5036 /* RAAppDelegate.h */,
				E5B61E3A1A19B301001E5036 /* RAAppDelegate.m */,
				E5B61E2A1A19B1E7001E5036 /* CanvasViewController.h */,
				E5B61E271A19B1E7001E5036 /* CanvasViewController.m */,
				E5B61E291A19B1E7001E5036 /* NewStackViewController.h */,
				E5B61E281A19B1E7001E5036 /* NewStackViewController.m */,
				E5B61E351A19B244001E5036 /* Images.xcassets */,
				2A1C57F61911859B007013D2 /* Supporting Files */,
			);
			name = "StackViewController-Demo";
			path = "RASlideInViewController-Demo";
			sourceTree = "<group>";
		};
		2A1C57F61911859B007013D2 /* Supporting Files */ = {
			isa = PBXGroup;
			children = (
				E5B61E2D1A19B22D001E5036 /* main.m */,
				E5B61E2E1A19B22D001E5036 /* StackViewController-Demo-Info.plist */,
				E5B61E2F1A19B22D001E5036 /* InfoPlist.strings */,
				E5B61E311A19B22D001E5036 /* StackViewController-Demo-Prefix.pch */,
			);
			name = "Supporting Files";
			sourceTree = "<group>";
		};
		2A1C5824191185AF007013D2 /* StackViewController */ = {
			isa = PBXGroup;
			children = (
				E5B61E3D1A19BC7D001E5036 /* Helpers */,
				E5B61E241A19B191001E5036 /* StackViewController.h */,
				E5B61E251A19B191001E5036 /* StackViewController.m */,
			);
			name = StackViewController;
			path = "RASlideInViewController-Demo/RASlideInViewController";
			sourceTree = "<group>";
		};
		E5B61E3D1A19BC7D001E5036 /* Helpers */ = {
			isa = PBXGroup;
			children = (
				E5B61E3E1A19BC7D001E5036 /* JREnum.h */,
				E5B61E3F1A19BC7D001E5036 /* UIColor+PerceivedLuminance.h */,
				E5B61E401A19BC7D001E5036 /* UIColor+PerceivedLuminance.m */,
			);
			name = Helpers;
			path = "StackViewController-Demo/StackViewController/Helpers";
			sourceTree = SOURCE_ROOT;
		};
/* End PBXGroup section */

/* Begin PBXNativeTarget section */
		2A1C57EB1911859B007013D2 /* StackViewController-Demo */ = {
			isa = PBXNativeTarget;
			buildConfigurationList = 2A1C581E1911859B007013D2 /* Build configuration list for PBXNativeTarget "StackViewController-Demo" */;
			buildPhases = (
				2A1C57E81911859B007013D2 /* Sources */,
				2A1C57E91911859B007013D2 /* Frameworks */,
				2A1C57EA1911859B007013D2 /* Resources */,
			);
			buildRules = (
			);
			dependencies = (
			);
			name = "StackViewController-Demo";
			productName = "RASlideInViewController-Demo";
			productReference = 2A1C57EC1911859B007013D2 /* StackViewController-Demo.app */;
			productType = "com.apple.product-type.application";
		};
/* End PBXNativeTarget section */

/* Begin PBXProject section */
		2A1C57E41911859B007013D2 /* Project object */ = {
			isa = PBXProject;
			attributes = {
				CLASSPREFIX = "";
				LastUpgradeCheck = 0510;
				ORGANIZATIONNAME = Dangerous;
			};
			buildConfigurationList = 2A1C57E71911859B007013D2 /* Build configuration list for PBXProject "StackViewController-Demo" */;
			compatibilityVersion = "Xcode 3.2";
			developmentRegion = English;
			hasScannedForEncodings = 0;
			knownRegions = (
				en,
				Base,
			);
			mainGroup = 2A1C57E31911859B007013D2;
			productRefGroup = 2A1C57ED1911859B007013D2 /* Products */;
			projectDirPath = "";
			projectRoot = "";
			targets = (
				2A1C57EB1911859B007013D2 /* StackViewController-Demo */,
			);
		};
/* End PBXProject section */

/* Begin PBXResourcesBuildPhase section */
		2A1C57EA1911859B007013D2 /* Resources */ = {
			isa = PBXResourcesBuildPhase;
			buildActionMask = 2147483647;
			files = (
				E5B61E361A19B244001E5036 /* Images.xcassets in Resources */,
				E5B61E341A19B22D001E5036 /* InfoPlist.strings in Resources */,
			);
			runOnlyForDeploymentPostprocessing = 0;
		};
/* End PBXResourcesBuildPhase section */

/* Begin PBXSourcesBuildPhase section */
		2A1C57E81911859B007013D2 /* Sources */ = {
			isa = PBXSourcesBuildPhase;
			buildActionMask = 2147483647;
			files = (
				E5B61E411A19BC7D001E5036 /* UIColor+PerceivedLuminance.m in Sources */,
				E5B61E261A19B191001E5036 /* StackViewController.m in Sources */,
				E5B61E2C1A19B1E7001E5036 /* NewStackViewController.m in Sources */,
				E5B61E321A19B22D001E5036 /* main.m in Sources */,
				E5B61E3B1A19B301001E5036 /* RAAppDelegate.m in Sources */,
				E5B61E2B1A19B1E7001E5036 /* CanvasViewController.m in Sources */,
			);
			runOnlyForDeploymentPostprocessing = 0;
		};
/* End PBXSourcesBuildPhase section */

/* Begin PBXVariantGroup section */
		E5B61E2F1A19B22D001E5036 /* InfoPlist.strings */ = {
			isa = PBXVariantGroup;
			children = (
				E5B61E301A19B22D001E5036 /* en */,
			);
			name = InfoPlist.strings;
			sourceTree = "<group>";
		};
/* End PBXVariantGroup section */

/* Begin XCBuildConfiguration section */
		2A1C581C1911859B007013D2 /* Debug */ = {
			isa = XCBuildConfiguration;
			buildSettings = {
				ALWAYS_SEARCH_USER_PATHS = NO;
				CLANG_CXX_LANGUAGE_STANDARD = "gnu++0x";
				CLANG_CXX_LIBRARY = "libc++";
				CLANG_ENABLE_MODULES = YES;
				CLANG_ENABLE_OBJC_ARC = YES;
				CLANG_WARN_BOOL_CONVERSION = YES;
				CLANG_WARN_CONSTANT_CONVERSION = YES;
				CLANG_WARN_DIRECT_OBJC_ISA_USAGE = YES_ERROR;
				CLANG_WARN_EMPTY_BODY = YES;
				CLANG_WARN_ENUM_CONVERSION = YES;
				CLANG_WARN_INT_CONVERSION = YES;
				CLANG_WARN_OBJC_ROOT_CLASS = YES_ERROR;
				CLANG_WARN__DUPLICATE_METHOD_MATCH = YES;
				"CODE_SIGN_IDENTITY[sdk=iphoneos*]" = "iPhone Developer";
				COPY_PHASE_STRIP = NO;
				GCC_C_LANGUAGE_STANDARD = gnu99;
				GCC_DYNAMIC_NO_PIC = NO;
				GCC_OPTIMIZATION_LEVEL = 0;
				GCC_PREPROCESSOR_DEFINITIONS = (
					"DEBUG=1",
					"$(inherited)",
				);
				GCC_SYMBOLS_PRIVATE_EXTERN = NO;
				GCC_WARN_64_TO_32_BIT_CONVERSION = YES;
				GCC_WARN_ABOUT_RETURN_TYPE = YES_ERROR;
				GCC_WARN_UNDECLARED_SELECTOR = YES;
				GCC_WARN_UNINITIALIZED_AUTOS = YES_AGGRESSIVE;
				GCC_WARN_UNUSED_FUNCTION = YES;
				GCC_WARN_UNUSED_VARIABLE = YES;
				IPHONEOS_DEPLOYMENT_TARGET = 8.0;
				ONLY_ACTIVE_ARCH = YES;
				SDKROOT = iphoneos;
			};
			name = Debug;
		};
		2A1C581D1911859B007013D2 /* Release */ = {
			isa = XCBuildConfiguration;
			buildSettings = {
				ALWAYS_SEARCH_USER_PATHS = NO;
				CLANG_CXX_LANGUAGE_STANDARD = "gnu++0x";
				CLANG_CXX_LIBRARY = "libc++";
				CLANG_ENABLE_MODULES = YES;
				CLANG_ENABLE_OBJC_ARC = YES;
				CLANG_WARN_BOOL_CONVERSION = YES;
				CLANG_WARN_CONSTANT_CONVERSION = YES;
				CLANG_WARN_DIRECT_OBJC_ISA_USAGE = YES_ERROR;
				CLANG_WARN_EMPTY_BODY = YES;
				CLANG_WARN_ENUM_CONVERSION = YES;
				CLANG_WARN_INT_CONVERSION = YES;
				CLANG_WARN_OBJC_ROOT_CLASS = YES_ERROR;
				CLANG_WARN__DUPLICATE_METHOD_MATCH = YES;
				"CODE_SIGN_IDENTITY[sdk=iphoneos*]" = "iPhone Developer";
				COPY_PHASE_STRIP = YES;
				ENABLE_NS_ASSERTIONS = NO;
				GCC_C_LANGUAGE_STANDARD = gnu99;
				GCC_WARN_64_TO_32_BIT_CONVERSION = YES;
				GCC_WARN_ABOUT_RETURN_TYPE = YES_ERROR;
				GCC_WARN_UNDECLARED_SELECTOR = YES;
				GCC_WARN_UNINITIALIZED_AUTOS = YES_AGGRESSIVE;
				GCC_WARN_UNUSED_FUNCTION = YES;
				GCC_WARN_UNUSED_VARIABLE = YES;
				IPHONEOS_DEPLOYMENT_TARGET = 8.0;
				SDKROOT = iphoneos;
				VALIDATE_PRODUCT = YES;
			};
			name = Release;
		};
		2A1C581F1911859B007013D2 /* Debug */ = {
			isa = XCBuildConfiguration;
			buildSettings = {
				ASSETCATALOG_COMPILER_APPICON_NAME = AppIcon;
				ASSETCATALOG_COMPILER_LAUNCHIMAGE_NAME = LaunchImage;
				GCC_PRECOMPILE_PREFIX_HEADER = YES;
				GCC_PREFIX_HEADER = "StackViewController-Demo/StackViewController-Demo-Prefix.pch";
				INFOPLIST_FILE = "StackViewController-Demo/StackViewController-Demo-Info.plist";
				IPHONEOS_DEPLOYMENT_TARGET = 7.0;
				PRODUCT_NAME = "StackViewController-Demo";
				WRAPPER_EXTENSION = app;
			};
			name = Debug;
		};
		2A1C58201911859B007013D2 /* Release */ = {
			isa = XCBuildConfiguration;
			buildSettings = {
				ASSETCATALOG_COMPILER_APPICON_NAME = AppIcon;
				ASSETCATALOG_COMPILER_LAUNCHIMAGE_NAME = LaunchImage;
				GCC_PRECOMPILE_PREFIX_HEADER = YES;
				GCC_PREFIX_HEADER = "StackViewController-Demo/StackViewController-Demo-Prefix.pch";
				INFOPLIST_FILE = "StackViewController-Demo/StackViewController-Demo-Info.plist";
				IPHONEOS_DEPLOYMENT_TARGET = 7.0;
				PRODUCT_NAME = "StackViewController-Demo";
				WRAPPER_EXTENSION = app;
			};
			name = Release;
		};
/* End XCBuildConfiguration section */

/* Begin XCConfigurationList section */
		2A1C57E71911859B007013D2 /* Build configuration list for PBXProject "StackViewController-Demo" */ = {
			isa = XCConfigurationList;
			buildConfigurations = (
				2A1C581C1911859B007013D2 /* Debug */,
				2A1C581D1911859B007013D2 /* Release */,
			);
			defaultConfigurationIsVisible = 0;
			defaultConfigurationName = Release;
		};
		2A1C581E1911859B007013D2 /* Build configuration list for PBXNativeTarget "StackViewController-Demo" */ = {
			isa = XCConfigurationList;
			buildConfigurations = (
				2A1C581F1911859B007013D2 /* Debug */,
				2A1C58201911859B007013D2 /* Release */,
			);
			defaultConfigurationIsVisible = 0;
			defaultConfigurationName = Release;
		};
/* End XCConfigurationList section */
	};
	rootObject = 2A1C57E41911859B007013D2 /* Project object */;
}
